<?xml version="1.0" encoding="utf-8"?>
<Project ToolsVersion="4.0" xmlns="http://schemas.microsoft.com/developer/msbuild/2003">
  <ItemGroup>
    <Filter Include="소스 파일">
      <UniqueIdentifier>{4FC737F1-C7A5-4376-A066-2A32D752A2FF}</UniqueIdentifier>
      <Extensions>cpp;c;cc;cxx;def;odl;idl;hpj;bat;asm;asmx</Extensions>
    </Filter>
    <Filter Include="헤더 파일">
      <UniqueIdentifier>{93995380-89BD-4b04-88EB-625FBE52EBFB}</UniqueIdentifier>
      <Extensions>h;hpp;hxx;hm;inl;inc;xsd</Extensions>
    </Filter>
    <Filter Include="리소스 파일">
      <UniqueIdentifier>{67DA6AB6-F800-4c08-8B7A-83BB121AAD01}</UniqueIdentifier>
      <Extensions>rc;ico;cur;bmp;dlg;rc2;rct;bin;rgs;gif;jpg;jpeg;jpe;resx;tiff;tif;png;wav;mfcribbon-ms</Extensions>
    </Filter>
    <Filter Include="소스 파일\application">
      <UniqueIdentifier>{fe1a4910-351a-477e-8235-bc8311dfef73}</UniqueIdentifier>
    </Filter>
    <Filter Include="소스 파일\src">
      <UniqueIdentifier>{6188833b-f6cd-439c-acc6-38c80a599201}</UniqueIdentifier>
    </Filter>
    <Filter Include="소스 파일\src\Utility">
      <UniqueIdentifier>{d4139232-c0a2-44f0-af1a-d01e3270dbf4}</UniqueIdentifier>
    </Filter>
    <Filter Include="소스 파일\src\QoS">
      <UniqueIdentifier>{1e3046a1-4a40-48f4-8255-d35f5b1f0f05}</UniqueIdentifier>
    </Filter>
    <Filter Include="소스 파일\src\Status">
      <UniqueIdentifier>{95e64542-ee4a-4e33-95d8-e8bf19f45e1e}</UniqueIdentifier>
    </Filter>
    <Filter Include="소스 파일\src\RTPS">
      <UniqueIdentifier>{fad107ca-de73-4832-91c0-99d4dbea383a}</UniqueIdentifier>
    </Filter>
    <Filter Include="소스 파일\src\DCPS">
      <UniqueIdentifier>{581fc3e6-8cd7-43b3-8ba6-d1f6123c6978}</UniqueIdentifier>
    </Filter>
    <Filter Include="소스 파일\src\DCPS\BuiltinEntity">
      <UniqueIdentifier>{63b00c58-ca71-46e9-b49c-def01a8a4870}</UniqueIdentifier>
    </Filter>
    <Filter Include="소스 파일\src\DCPS\Domain">
      <UniqueIdentifier>{a26a44d3-68ca-4f68-a6ba-ca7cc50191be}</UniqueIdentifier>
    </Filter>
    <Filter Include="소스 파일\src\DCPS\Infrastructure">
      <UniqueIdentifier>{69ebebc8-7198-4b71-bc8f-de6bf3378ea2}</UniqueIdentifier>
    </Filter>
    <Filter Include="소스 파일\src\DCPS\Publication">
      <UniqueIdentifier>{4dbe3ea2-f064-4266-8cdb-286f65c194d1}</UniqueIdentifier>
    </Filter>
    <Filter Include="소스 파일\src\DCPS\Subscription">
      <UniqueIdentifier>{1850414c-93ac-421a-97aa-6b7d50b280cf}</UniqueIdentifier>
    </Filter>
    <Filter Include="소스 파일\src\DCPS\Topic">
      <UniqueIdentifier>{e5203a44-dcb1-4594-8c32-56faf436d0d9}</UniqueIdentifier>
    </Filter>
    <Filter Include="소스 파일\src\DCPS\Infrastructure\Type">
      <UniqueIdentifier>{899df365-6b11-4354-85ab-721bc9969223}</UniqueIdentifier>
    </Filter>
    <Filter Include="소스 파일\src\QoS\QosPolicy">
      <UniqueIdentifier>{a5572b11-a0d3-4777-a20a-66fc6289b6ff}</UniqueIdentifier>
    </Filter>
    <Filter Include="소스 파일\src\RTPS\Behavior">
      <UniqueIdentifier>{5def7872-f388-4859-a75b-94d2134dd6c2}</UniqueIdentifier>
    </Filter>
    <Filter Include="소스 파일\src\RTPS\Discovery">
      <UniqueIdentifier>{25b3ef59-5c92-4bdd-8091-407ba6ff6612}</UniqueIdentifier>
    </Filter>
    <Filter Include="소스 파일\src\RTPS\Messages">
      <UniqueIdentifier>{bc51143d-86aa-45ee-ad6c-0348a7978198}</UniqueIdentifier>
    </Filter>
    <Filter Include="소스 파일\src\RTPS\Structure">
      <UniqueIdentifier>{ef162476-eb07-4e0d-b986-12e4601ee278}</UniqueIdentifier>
    </Filter>
    <Filter Include="소스 파일\src\RTPS\Behavior\DataStructure">
      <UniqueIdentifier>{6cc19592-b3ab-44b6-8d54-f856b40586ce}</UniqueIdentifier>
    </Filter>
    <Filter Include="소스 파일\src\RTPS\Messages\SubmessageElements">
      <UniqueIdentifier>{d0fbf91f-6d1e-47e9-ae16-870c9fa6be3e}</UniqueIdentifier>
    </Filter>
    <Filter Include="소스 파일\src\RTPS\Messages\Submessages">
      <UniqueIdentifier>{d886efe0-bbce-47eb-bd5e-6e1d1b6d84b0}</UniqueIdentifier>
    </Filter>
    <Filter Include="소스 파일\src\RTPS\Messages\Type">
      <UniqueIdentifier>{d25e0a4b-90d8-46fa-9de6-467d0b0c784d}</UniqueIdentifier>
    </Filter>
    <Filter Include="소스 파일\src\RTPS\Structure\Type">
      <UniqueIdentifier>{22fc889e-1c88-490f-92c5-a2b7f4045c62}</UniqueIdentifier>
    </Filter>
    <Filter Include="소스 파일\src\Status\Condition">
      <UniqueIdentifier>{bef3c636-1890-43c6-977e-b18045321704}</UniqueIdentifier>
    </Filter>
    <Filter Include="소스 파일\src\Utility\EventProcessor">
      <UniqueIdentifier>{050dbeec-fdb4-44de-80d6-160bd3d5d8a7}</UniqueIdentifier>
    </Filter>
    <Filter Include="소스 파일\src\Utility\Network">
      <UniqueIdentifier>{de1a8a7a-9917-4e9b-911d-21b7ea2e1495}</UniqueIdentifier>
    </Filter>
    <Filter Include="소스 파일\src\Utility\Timer">
      <UniqueIdentifier>{bfe3f178-bda6-4c82-bcfc-78cf6eee4ead}</UniqueIdentifier>
    </Filter>
    <Filter Include="헤더 파일\application">
      <UniqueIdentifier>{b404a5c2-0e97-43b6-8599-a2d3fa1d3886}</UniqueIdentifier>
    </Filter>
    <Filter Include="헤더 파일\include">
      <UniqueIdentifier>{21b4f794-ee9d-4020-9380-5dbcf925ab70}</UniqueIdentifier>
    </Filter>
    <Filter Include="헤더 파일\include\BuiltinTopic">
      <UniqueIdentifier>{523b9f32-1f0c-45cf-b630-484a14bdda9b}</UniqueIdentifier>
    </Filter>
    <Filter Include="헤더 파일\include\DCPS">
      <UniqueIdentifier>{afdbada0-02fd-4e44-b8e3-4d45743268ed}</UniqueIdentifier>
    </Filter>
    <Filter Include="헤더 파일\include\DCPS\BuiltinEntity">
      <UniqueIdentifier>{66817d73-de20-47ad-a3ae-1c3d10a050b4}</UniqueIdentifier>
    </Filter>
    <Filter Include="헤더 파일\include\DCPS\Domain">
      <UniqueIdentifier>{fb3f292b-d7ee-4a11-9263-2908068b6749}</UniqueIdentifier>
    </Filter>
    <Filter Include="헤더 파일\include\DCPS\Infrastructure">
      <UniqueIdentifier>{d72e9074-c73a-4d26-bfa4-5b2b5ea81265}</UniqueIdentifier>
    </Filter>
    <Filter Include="헤더 파일\include\DCPS\Publication">
      <UniqueIdentifier>{67130a78-2963-4951-ae7a-212c48363d0a}</UniqueIdentifier>
    </Filter>
    <Filter Include="헤더 파일\include\DCPS\Subscription">
      <UniqueIdentifier>{6f850d26-bbda-4ba1-8c5e-f78426787390}</UniqueIdentifier>
    </Filter>
    <Filter Include="헤더 파일\include\DCPS\Topic">
      <UniqueIdentifier>{98bd6dcb-d82b-4927-834c-04849dddc5e9}</UniqueIdentifier>
    </Filter>
    <Filter Include="헤더 파일\include\DCPS\Infrastructure\Type">
      <UniqueIdentifier>{ff30e463-f2c4-4714-aa27-802c574797d8}</UniqueIdentifier>
    </Filter>
    <Filter Include="헤더 파일\include\QoS">
      <UniqueIdentifier>{358556af-9194-4d38-a1bb-d35e519c4988}</UniqueIdentifier>
    </Filter>
    <Filter Include="헤더 파일\include\RTPS">
      <UniqueIdentifier>{b1004817-a0fb-470f-b609-20a3ba848592}</UniqueIdentifier>
    </Filter>
    <Filter Include="헤더 파일\include\Status">
      <UniqueIdentifier>{324f42b0-576f-49a3-b40c-51dd7b429087}</UniqueIdentifier>
    </Filter>
    <Filter Include="헤더 파일\include\Utility">
      <UniqueIdentifier>{120aedfe-19ba-4568-b4cc-4ce3ccff744c}</UniqueIdentifier>
    </Filter>
    <Filter Include="헤더 파일\include\QoS\EntityQos">
      <UniqueIdentifier>{39ce58b0-ed43-4081-8b9e-080f32f949e6}</UniqueIdentifier>
    </Filter>
    <Filter Include="헤더 파일\include\QoS\QosPolicy">
      <UniqueIdentifier>{bdfca567-ca78-42e1-a1a5-07053418abc5}</UniqueIdentifier>
    </Filter>
    <Filter Include="헤더 파일\include\RTPS\Behavior">
      <UniqueIdentifier>{960a8a07-466a-409e-8bab-805b510cfd92}</UniqueIdentifier>
    </Filter>
    <Filter Include="헤더 파일\include\RTPS\Behavior\DataStructure">
      <UniqueIdentifier>{4fe5731e-6cb1-4fc6-b29c-9a470c383cd6}</UniqueIdentifier>
    </Filter>
    <Filter Include="헤더 파일\include\RTPS\Discovery">
      <UniqueIdentifier>{0639adc4-8c65-445f-b830-b7f5365fe0c2}</UniqueIdentifier>
    </Filter>
    <Filter Include="헤더 파일\include\RTPS\Messages">
      <UniqueIdentifier>{c4a7a8c4-84e8-45a0-b1bf-b15c774e49fa}</UniqueIdentifier>
    </Filter>
    <Filter Include="헤더 파일\include\RTPS\Messages\SubmessageElements">
      <UniqueIdentifier>{1aa565a3-d53a-4bf2-9380-ea597772d7f1}</UniqueIdentifier>
    </Filter>
    <Filter Include="헤더 파일\include\RTPS\Messages\Submessages">
      <UniqueIdentifier>{c26dba40-4bb0-4bb7-8210-09821f694c3a}</UniqueIdentifier>
    </Filter>
    <Filter Include="헤더 파일\include\RTPS\Messages\Type">
      <UniqueIdentifier>{ec08b898-6205-407a-9ec4-877b56dfd3e3}</UniqueIdentifier>
    </Filter>
    <Filter Include="헤더 파일\include\RTPS\Structure">
      <UniqueIdentifier>{64f9729a-9b32-45b6-bd5f-c0431d5f0c53}</UniqueIdentifier>
    </Filter>
    <Filter Include="헤더 파일\include\RTPS\Structure\Type">
      <UniqueIdentifier>{37a3fcd3-fec7-480d-b7c3-741ffa2c910b}</UniqueIdentifier>
    </Filter>
    <Filter Include="헤더 파일\include\Status\Condition">
      <UniqueIdentifier>{20809a25-db89-4329-85cf-c19b72bb8f02}</UniqueIdentifier>
    </Filter>
    <Filter Include="헤더 파일\include\Utility\EventProcessor">
      <UniqueIdentifier>{e343b1f2-8a40-4ebe-a2e5-964dd30111d7}</UniqueIdentifier>
    </Filter>
    <Filter Include="헤더 파일\include\Utility\Network">
      <UniqueIdentifier>{619828da-e373-4d39-9178-9ff4091ed9d4}</UniqueIdentifier>
    </Filter>
    <Filter Include="헤더 파일\include\Utility\Timer">
      <UniqueIdentifier>{203a6601-276a-4ff5-b68d-7c7a225a74d3}</UniqueIdentifier>
    </Filter>
    <Filter Include="소스 파일\application\DCPS">
      <UniqueIdentifier>{398c002d-90fc-4d86-a088-0845ec963688}</UniqueIdentifier>
    </Filter>
    <Filter Include="헤더 파일\application\DCPS">
      <UniqueIdentifier>{174f0ba1-6be0-4016-80d9-60a255578d4a}</UniqueIdentifier>
    </Filter>
    <Filter Include="헤더 파일\include\BuiltinTopic\Type">
      <UniqueIdentifier>{9c22d955-1d54-4a32-ac7f-025d0eed2de0}</UniqueIdentifier>
    </Filter>
    <Filter Include="헤더 파일\include\DCPS\Domain\Type">
      <UniqueIdentifier>{b8f46d4d-ab26-4d89-bfa6-77c6844acaa5}</UniqueIdentifier>
    </Filter>
    <Filter Include="헤더 파일\include\RTPS\Behavior\Type">
      <UniqueIdentifier>{502ba47f-dd62-49c1-a465-318704748951}</UniqueIdentifier>
    </Filter>
    <Filter Include="헤더 파일\include\RTPS\Discovery\DiscoveredEntityData">
      <UniqueIdentifier>{a9426c1a-ed90-4045-b894-8ce8616953ce}</UniqueIdentifier>
    </Filter>
    <Filter Include="헤더 파일\include\RTPS\Discovery\Type">
      <UniqueIdentifier>{5868b660-aeed-4fd0-bcec-227e83930684}</UniqueIdentifier>
    </Filter>
    <Filter Include="헤더 파일\include\Status\EntityStatus">
      <UniqueIdentifier>{8697ee2e-3551-4514-9711-36b29b7b0968}</UniqueIdentifier>
    </Filter>
    <Filter Include="헤더 파일\include\Status\Status">
      <UniqueIdentifier>{36876c0f-78f3-4f19-9b12-7b01553286f9}</UniqueIdentifier>
    </Filter>
    <Filter Include="헤더 파일\include\Status\Type">
      <UniqueIdentifier>{afa57c53-3c5f-46c4-885c-76fa03d942ee}</UniqueIdentifier>
    </Filter>
    <Filter Include="헤더 파일\include\Utility\DataStructure">
      <UniqueIdentifier>{1c70649f-7736-4055-bd76-8027c8f60965}</UniqueIdentifier>
    </Filter>
    <Filter Include="소스 파일\src\Utility\Monitoring">
      <UniqueIdentifier>{fb80f471-3a6a-4a19-afec-4397b7e07220}</UniqueIdentifier>
    </Filter>
    <Filter Include="헤더 파일\include\Utility\Monitoring">
      <UniqueIdentifier>{4cc2d7c6-724d-4e4e-ae44-b31b665fdaa7}</UniqueIdentifier>
    </Filter>
    <Filter Include="소스 파일\application\TNS">
      <UniqueIdentifier>{ee095278-8715-44a8-8010-0a4d12cfa5e7}</UniqueIdentifier>
    </Filter>
    <Filter Include="헤더 파일\application\TNS">
      <UniqueIdentifier>{0623ed2f-7f73-406c-8fbe-d2efae32fb42}</UniqueIdentifier>
    </Filter>
  </ItemGroup>
  <ItemGroup>
    <ClCompile Include="application\ListenerTest.cpp">
      <Filter>소스 파일\application</Filter>
    </ClCompile>
    <ClCompile Include="application\ListTest.cpp">
      <Filter>소스 파일\application</Filter>
    </ClCompile>
    <ClCompile Include="application\MessageTest.cpp">
      <Filter>소스 파일\application</Filter>
    </ClCompile>
    <ClCompile Include="application\SocketTest.cpp">
      <Filter>소스 파일\application</Filter>
    </ClCompile>
    <ClCompile Include="application\TimerTest.cpp">
      <Filter>소스 파일\application</Filter>
    </ClCompile>
    <ClCompile Include="application\BehaviorTest.cpp">
      <Filter>소스 파일\application</Filter>
    </ClCompile>
    <ClCompile Include="application\DiscoveredDataTest.cpp">
      <Filter>소스 파일\application</Filter>
    </ClCompile>
    <ClCompile Include="application\DCPS\ThroughputListener.cpp">
      <Filter>소스 파일\application\DCPS</Filter>
    </ClCompile>
    <ClCompile Include="application\DCPS\ThroughputTest.cpp">
      <Filter>소스 파일\application\DCPS</Filter>
    </ClCompile>
    <ClCompile Include="application\DCPS\DCPSTest.cpp">
      <Filter>소스 파일\application\DCPS</Filter>
    </ClCompile>
    <ClCompile Include="application\DCPS\TestListener.cpp">
      <Filter>소스 파일\application\DCPS</Filter>
    </ClCompile>
    <ClCompile Include="src\DCPS\BuiltinEntity\BuiltinParticipantsReaderListener.cpp">
      <Filter>소스 파일\src\DCPS\BuiltinEntity</Filter>
    </ClCompile>
    <ClCompile Include="src\DCPS\BuiltinEntity\BuiltinParticipantsWriterListener.cpp">
      <Filter>소스 파일\src\DCPS\BuiltinEntity</Filter>
    </ClCompile>
    <ClCompile Include="src\DCPS\BuiltinEntity\BuiltinPublicationsReader.cpp">
      <Filter>소스 파일\src\DCPS\BuiltinEntity</Filter>
    </ClCompile>
    <ClCompile Include="src\DCPS\BuiltinEntity\BuiltinPublicationsReaderListener.cpp">
      <Filter>소스 파일\src\DCPS\BuiltinEntity</Filter>
    </ClCompile>
    <ClCompile Include="src\DCPS\BuiltinEntity\BuiltinPublicationsWriter.cpp">
      <Filter>소스 파일\src\DCPS\BuiltinEntity</Filter>
    </ClCompile>
    <ClCompile Include="src\DCPS\BuiltinEntity\BuiltinPublicationsWriterListener.cpp">
      <Filter>소스 파일\src\DCPS\BuiltinEntity</Filter>
    </ClCompile>
    <ClCompile Include="src\DCPS\BuiltinEntity\BuiltinSubscriptionsReader.cpp">
      <Filter>소스 파일\src\DCPS\BuiltinEntity</Filter>
    </ClCompile>
    <ClCompile Include="src\DCPS\BuiltinEntity\BuiltinSubscriptionsReaderListener.cpp">
      <Filter>소스 파일\src\DCPS\BuiltinEntity</Filter>
    </ClCompile>
    <ClCompile Include="src\DCPS\BuiltinEntity\BuiltinSubscriptionsWriter.cpp">
      <Filter>소스 파일\src\DCPS\BuiltinEntity</Filter>
    </ClCompile>
    <ClCompile Include="src\DCPS\BuiltinEntity\BuiltinSubscriptionsWriterListener.cpp">
      <Filter>소스 파일\src\DCPS\BuiltinEntity</Filter>
    </ClCompile>
    <ClCompile Include="src\DCPS\Domain\DomainParticipant.cpp">
      <Filter>소스 파일\src\DCPS\Domain</Filter>
    </ClCompile>
    <ClCompile Include="src\DCPS\Domain\DomainParticipantFactory.cpp">
      <Filter>소스 파일\src\DCPS\Domain</Filter>
    </ClCompile>
    <ClCompile Include="src\DCPS\Infrastructure\Type\Duration_t.cpp">
      <Filter>소스 파일\src\DCPS\Infrastructure\Type</Filter>
    </ClCompile>
    <ClCompile Include="src\DCPS\Infrastructure\DomainEntity.cpp">
      <Filter>소스 파일\src\DCPS\Infrastructure</Filter>
    </ClCompile>
    <ClCompile Include="src\DCPS\Infrastructure\Entity.cpp">
      <Filter>소스 파일\src\DCPS\Infrastructure</Filter>
    </ClCompile>
    <ClCompile Include="src\DCPS\Publication\DataWriter.cpp">
      <Filter>소스 파일\src\DCPS\Publication</Filter>
    </ClCompile>
    <ClCompile Include="src\DCPS\Publication\Publisher.cpp">
      <Filter>소스 파일\src\DCPS\Publication</Filter>
    </ClCompile>
    <ClCompile Include="src\DCPS\Subscription\DataReader.cpp">
      <Filter>소스 파일\src\DCPS\Subscription</Filter>
    </ClCompile>
    <ClCompile Include="src\DCPS\Subscription\Subscriber.cpp">
      <Filter>소스 파일\src\DCPS\Subscription</Filter>
    </ClCompile>
    <ClCompile Include="src\DCPS\Topic\ContentFilteredTopic.cpp">
      <Filter>소스 파일\src\DCPS\Topic</Filter>
    </ClCompile>
    <ClCompile Include="src\DCPS\Topic\MultiTopic.cpp">
      <Filter>소스 파일\src\DCPS\Topic</Filter>
    </ClCompile>
    <ClCompile Include="src\DCPS\Topic\Topic.cpp">
      <Filter>소스 파일\src\DCPS\Topic</Filter>
    </ClCompile>
    <ClCompile Include="src\DCPS\Topic\TopicDescription.cpp">
      <Filter>소스 파일\src\DCPS\Topic</Filter>
    </ClCompile>
    <ClCompile Include="src\QoS\QosPolicy\DeadlineQosPolicy.cpp">
      <Filter>소스 파일\src\QoS\QosPolicy</Filter>
    </ClCompile>
    <ClCompile Include="src\QoS\QosPolicy\DestinationOrderQosPolicy.cpp">
      <Filter>소스 파일\src\QoS\QosPolicy</Filter>
    </ClCompile>
    <ClCompile Include="src\QoS\QosPolicy\DurabilityQosPolicy.cpp">
      <Filter>소스 파일\src\QoS\QosPolicy</Filter>
    </ClCompile>
    <ClCompile Include="src\QoS\QosPolicy\DurabilityServiceQosPolicy.cpp">
      <Filter>소스 파일\src\QoS\QosPolicy</Filter>
    </ClCompile>
    <ClCompile Include="src\QoS\QosPolicy\EntityFactoryQosPolicy.cpp">
      <Filter>소스 파일\src\QoS\QosPolicy</Filter>
    </ClCompile>
    <ClCompile Include="src\QoS\QosPolicy\GroupDataQosPolicy.cpp">
      <Filter>소스 파일\src\QoS\QosPolicy</Filter>
    </ClCompile>
    <ClCompile Include="src\QoS\QosPolicy\HistoryQosPolicy.cpp">
      <Filter>소스 파일\src\QoS\QosPolicy</Filter>
    </ClCompile>
    <ClCompile Include="src\QoS\QosPolicy\LatencyBudgetQosPolicy.cpp">
      <Filter>소스 파일\src\QoS\QosPolicy</Filter>
    </ClCompile>
    <ClCompile Include="src\QoS\QosPolicy\LifespanQosPolicy.cpp">
      <Filter>소스 파일\src\QoS\QosPolicy</Filter>
    </ClCompile>
    <ClCompile Include="src\QoS\QosPolicy\LivelinessQosPolicy.cpp">
      <Filter>소스 파일\src\QoS\QosPolicy</Filter>
    </ClCompile>
    <ClCompile Include="src\QoS\QosPolicy\OwnershipQosPolicy.cpp">
      <Filter>소스 파일\src\QoS\QosPolicy</Filter>
    </ClCompile>
    <ClCompile Include="src\QoS\QosPolicy\OwnershipStrengthQosPolicy.cpp">
      <Filter>소스 파일\src\QoS\QosPolicy</Filter>
    </ClCompile>
    <ClCompile Include="src\QoS\QosPolicy\PartitionQosPolicy.cpp">
      <Filter>소스 파일\src\QoS\QosPolicy</Filter>
    </ClCompile>
    <ClCompile Include="src\QoS\QosPolicy\PresentationQosPolicy.cpp">
      <Filter>소스 파일\src\QoS\QosPolicy</Filter>
    </ClCompile>
    <ClCompile Include="src\QoS\QosPolicy\QosPolicy.cpp">
      <Filter>소스 파일\src\QoS\QosPolicy</Filter>
    </ClCompile>
    <ClCompile Include="src\QoS\QosPolicy\ReaderDataLifecycleQosPolicy.cpp">
      <Filter>소스 파일\src\QoS\QosPolicy</Filter>
    </ClCompile>
    <ClCompile Include="src\QoS\QosPolicy\ReliabilityQosPolicy.cpp">
      <Filter>소스 파일\src\QoS\QosPolicy</Filter>
    </ClCompile>
    <ClCompile Include="src\QoS\QosPolicy\ResourceLimitsQosPolicy.cpp">
      <Filter>소스 파일\src\QoS\QosPolicy</Filter>
    </ClCompile>
    <ClCompile Include="src\QoS\QosPolicy\TimeBasedFilterQosPolicy.cpp">
      <Filter>소스 파일\src\QoS\QosPolicy</Filter>
    </ClCompile>
    <ClCompile Include="src\QoS\QosPolicy\TopicDataQosPolicy.cpp">
      <Filter>소스 파일\src\QoS\QosPolicy</Filter>
    </ClCompile>
    <ClCompile Include="src\QoS\QosPolicy\TransportPriorityQosPolicy.cpp">
      <Filter>소스 파일\src\QoS\QosPolicy</Filter>
    </ClCompile>
    <ClCompile Include="src\QoS\QosPolicy\UserDataQosPolicy.cpp">
      <Filter>소스 파일\src\QoS\QosPolicy</Filter>
    </ClCompile>
    <ClCompile Include="src\QoS\QosPolicy\WriterDataLifecycleQosPolicy.cpp">
      <Filter>소스 파일\src\QoS\QosPolicy</Filter>
    </ClCompile>
    <ClCompile Include="src\RTPS\Behavior\WriterProxy.cpp">
      <Filter>소스 파일\src\RTPS\Behavior</Filter>
    </ClCompile>
    <ClCompile Include="src\RTPS\Behavior\ListenerProcessor.cpp">
      <Filter>소스 파일\src\RTPS\Behavior</Filter>
    </ClCompile>
    <ClCompile Include="src\RTPS\Behavior\ReaderLocator.cpp">
      <Filter>소스 파일\src\RTPS\Behavior</Filter>
    </ClCompile>
    <ClCompile Include="src\RTPS\Behavior\ReaderProxy.cpp">
      <Filter>소스 파일\src\RTPS\Behavior</Filter>
    </ClCompile>
    <ClCompile Include="src\RTPS\Behavior\StatefulReader.cpp">
      <Filter>소스 파일\src\RTPS\Behavior</Filter>
    </ClCompile>
    <ClCompile Include="src\RTPS\Behavior\StatefulWriter.cpp">
      <Filter>소스 파일\src\RTPS\Behavior</Filter>
    </ClCompile>
    <ClCompile Include="src\RTPS\Behavior\StatelessReader.cpp">
      <Filter>소스 파일\src\RTPS\Behavior</Filter>
    </ClCompile>
    <ClCompile Include="src\RTPS\Behavior\StatelessWriter.cpp">
      <Filter>소스 파일\src\RTPS\Behavior</Filter>
    </ClCompile>
    <ClCompile Include="src\RTPS\Behavior\DataStructure\ChangeForReaderList.cpp">
      <Filter>소스 파일\src\RTPS\Behavior\DataStructure</Filter>
    </ClCompile>
    <ClCompile Include="src\RTPS\Behavior\DataStructure\ChangeFromWriterList.cpp">
      <Filter>소스 파일\src\RTPS\Behavior\DataStructure</Filter>
    </ClCompile>
    <ClCompile Include="src\RTPS\Discovery\SEDPdiscoveredPublicationData.cpp">
      <Filter>소스 파일\src\RTPS\Discovery</Filter>
    </ClCompile>
    <ClCompile Include="src\RTPS\Discovery\SEDPdiscoveredSubscriptionData.cpp">
      <Filter>소스 파일\src\RTPS\Discovery</Filter>
    </ClCompile>
    <ClCompile Include="src\RTPS\Discovery\SEDPdiscoveredTopicData.cpp">
      <Filter>소스 파일\src\RTPS\Discovery</Filter>
    </ClCompile>
    <ClCompile Include="src\RTPS\Discovery\SPDPdiscoveredParticipantData.cpp">
      <Filter>소스 파일\src\RTPS\Discovery</Filter>
    </ClCompile>
    <ClCompile Include="src\RTPS\Messages\Submessages\AckNack.cpp">
      <Filter>소스 파일\src\RTPS\Messages\Submessages</Filter>
    </ClCompile>
    <ClCompile Include="src\RTPS\Messages\Submessages\Data.cpp">
      <Filter>소스 파일\src\RTPS\Messages\Submessages</Filter>
    </ClCompile>
    <ClCompile Include="src\RTPS\Messages\Submessages\DataFrag.cpp">
      <Filter>소스 파일\src\RTPS\Messages\Submessages</Filter>
    </ClCompile>
    <ClCompile Include="src\RTPS\Messages\Submessages\Gap.cpp">
      <Filter>소스 파일\src\RTPS\Messages\Submessages</Filter>
    </ClCompile>
    <ClCompile Include="src\RTPS\Messages\Submessages\Heartbeat.cpp">
      <Filter>소스 파일\src\RTPS\Messages\Submessages</Filter>
    </ClCompile>
    <ClCompile Include="src\RTPS\Messages\Submessages\HeartbeatFrag.cpp">
      <Filter>소스 파일\src\RTPS\Messages\Submessages</Filter>
    </ClCompile>
    <ClCompile Include="src\RTPS\Messages\Submessages\InfoDestination.cpp">
      <Filter>소스 파일\src\RTPS\Messages\Submessages</Filter>
    </ClCompile>
    <ClCompile Include="src\RTPS\Messages\Submessages\InfoReply.cpp">
      <Filter>소스 파일\src\RTPS\Messages\Submessages</Filter>
    </ClCompile>
    <ClCompile Include="src\RTPS\Messages\Submessages\InfoSource.cpp">
      <Filter>소스 파일\src\RTPS\Messages\Submessages</Filter>
    </ClCompile>
    <ClCompile Include="src\RTPS\Messages\Submessages\InfoTimestamp.cpp">
      <Filter>소스 파일\src\RTPS\Messages\Submessages</Filter>
    </ClCompile>
    <ClCompile Include="src\RTPS\Messages\Submessages\NackFrag.cpp">
      <Filter>소스 파일\src\RTPS\Messages\Submessages</Filter>
    </ClCompile>
    <ClCompile Include="src\RTPS\Messages\Submessages\Pad.cpp">
      <Filter>소스 파일\src\RTPS\Messages\Submessages</Filter>
    </ClCompile>
    <ClCompile Include="src\RTPS\Messages\Type\ByteStream.cpp">
      <Filter>소스 파일\src\RTPS\Messages\Type</Filter>
    </ClCompile>
    <ClCompile Include="src\RTPS\Messages\Type\FragmentNumber_t.cpp">
      <Filter>소스 파일\src\RTPS\Messages\Type</Filter>
    </ClCompile>
    <ClCompile Include="src\RTPS\Messages\Type\ProtocolId_t.cpp">
      <Filter>소스 파일\src\RTPS\Messages\Type</Filter>
    </ClCompile>
    <ClCompile Include="src\RTPS\Messages\Message.cpp">
      <Filter>소스 파일\src\RTPS\Messages</Filter>
    </ClCompile>
    <ClCompile Include="src\RTPS\Structure\Writer.cpp">
      <Filter>소스 파일\src\RTPS\Structure</Filter>
    </ClCompile>
    <ClCompile Include="src\RTPS\Structure\CacheChange.cpp">
      <Filter>소스 파일\src\RTPS\Structure</Filter>
    </ClCompile>
    <ClCompile Include="src\RTPS\Structure\Endpoint.cpp">
      <Filter>소스 파일\src\RTPS\Structure</Filter>
    </ClCompile>
    <ClCompile Include="src\RTPS\Structure\HistoryCache.cpp">
      <Filter>소스 파일\src\RTPS\Structure</Filter>
    </ClCompile>
    <ClCompile Include="src\RTPS\Structure\Participant.cpp">
      <Filter>소스 파일\src\RTPS\Structure</Filter>
    </ClCompile>
    <ClCompile Include="src\RTPS\Structure\Reader.cpp">
      <Filter>소스 파일\src\RTPS\Structure</Filter>
    </ClCompile>
    <ClCompile Include="src\RTPS\Structure\Type\EntityId_t.cpp">
      <Filter>소스 파일\src\RTPS\Structure\Type</Filter>
    </ClCompile>
    <ClCompile Include="src\RTPS\Structure\Type\GUID_t.cpp">
      <Filter>소스 파일\src\RTPS\Structure\Type</Filter>
    </ClCompile>
    <ClCompile Include="src\RTPS\Structure\Type\GuidPrefix_t.cpp">
      <Filter>소스 파일\src\RTPS\Structure\Type</Filter>
    </ClCompile>
    <ClCompile Include="src\RTPS\Structure\Type\Locator_t.cpp">
      <Filter>소스 파일\src\RTPS\Structure\Type</Filter>
    </ClCompile>
    <ClCompile Include="src\RTPS\Structure\Type\SequenceNumber_t.cpp">
      <Filter>소스 파일\src\RTPS\Structure\Type</Filter>
    </ClCompile>
    <ClCompile Include="CNU-DDS.cpp">
      <Filter>소스 파일</Filter>
    </ClCompile>
    <ClCompile Include="src\Status\Condition\StatusCondition.cpp">
      <Filter>소스 파일\src\Status\Condition</Filter>
    </ClCompile>
    <ClCompile Include="src\Status\WaitSet.cpp">
      <Filter>소스 파일\src\Status</Filter>
    </ClCompile>
    <ClCompile Include="src\Utility\SystemInformation.cpp">
      <Filter>소스 파일\src\Utility</Filter>
    </ClCompile>
    <ClCompile Include="src\Utility\PlatformOrientedInterface.cpp">
      <Filter>소스 파일\src\Utility</Filter>
    </ClCompile>
    <ClCompile Include="src\Utility\Timer\DynamicTimer.cpp">
      <Filter>소스 파일\src\Utility\Timer</Filter>
    </ClCompile>
    <ClCompile Include="src\Utility\Timer\ListHeader.cpp">
      <Filter>소스 파일\src\Utility\Timer</Filter>
    </ClCompile>
    <ClCompile Include="src\Utility\Timer\TimerEffector.cpp">
      <Filter>소스 파일\src\Utility\Timer</Filter>
    </ClCompile>
    <ClCompile Include="src\Utility\Timer\TimeUnit.cpp">
      <Filter>소스 파일\src\Utility\Timer</Filter>
    </ClCompile>
    <ClCompile Include="src\Utility\Network\NetworkManager.cpp">
      <Filter>소스 파일\src\Utility\Network</Filter>
    </ClCompile>
    <ClCompile Include="src\Utility\Network\SimpleLinkedList.cpp">
      <Filter>소스 파일\src\Utility\Network</Filter>
    </ClCompile>
    <ClCompile Include="src\Utility\Network\Transceiver.cpp">
      <Filter>소스 파일\src\Utility\Network</Filter>
    </ClCompile>
    <ClCompile Include="src\Utility\Network\TransceiverInfo.cpp">
      <Filter>소스 파일\src\Utility\Network</Filter>
    </ClCompile>
    <ClCompile Include="src\Utility\Network\TransceiverManager.cpp">
      <Filter>소스 파일\src\Utility\Network</Filter>
    </ClCompile>
    <ClCompile Include="src\Utility\Network\UDPSocket.cpp">
      <Filter>소스 파일\src\Utility\Network</Filter>
    </ClCompile>
    <ClCompile Include="src\Utility\EventProcessor\Event.cpp">
      <Filter>소스 파일\src\Utility\EventProcessor</Filter>
    </ClCompile>
    <ClCompile Include="src\Utility\EventProcessor\EventProcessor.cpp">
      <Filter>소스 파일\src\Utility\EventProcessor</Filter>
    </ClCompile>
    <ClCompile Include="application\SharedPointerTest.cpp">
      <Filter>소스 파일\application</Filter>
    </ClCompile>
    <ClCompile Include="application\DCPS\ShapeTest.cpp">
      <Filter>소스 파일\application\DCPS</Filter>
    </ClCompile>
    <ClCompile Include="src\Utility\Monitoring\Monitor.cpp">
      <Filter>소스 파일\src\Utility\Monitoring</Filter>
    </ClCompile>
    <ClCompile Include="SocketManager.cpp">
      <Filter>소스 파일\application\TNS</Filter>
    </ClCompile>
    <ClCompile Include="MessageHandler.cpp">
      <Filter>소스 파일\application\TNS</Filter>
    </ClCompile>
    <ClCompile Include="TNSNController.cpp">
      <Filter>소스 파일\application\TNS</Filter>
    </ClCompile>
    <ClCompile Include="TNSNServer.cpp">
      <Filter>소스 파일\application\TNS</Filter>
    </ClCompile>
    <ClCompile Include="TNSTable.cpp">
      <Filter>소스 파일\application\TNS</Filter>
    </ClCompile>
  </ItemGroup>
  <ItemGroup>
    <ClInclude Include="application\DCPS\DCPSTest.h">
      <Filter>헤더 파일\application\DCPS</Filter>
    </ClInclude>
    <ClInclude Include="application\DCPS\TestListener.h">
      <Filter>헤더 파일\application\DCPS</Filter>
    </ClInclude>
    <ClInclude Include="application\DCPS\ThroughputListener.h">
      <Filter>헤더 파일\application\DCPS</Filter>
    </ClInclude>
    <ClInclude Include="application\DCPS\ThroughputTest.h">
      <Filter>헤더 파일\application\DCPS</Filter>
    </ClInclude>
    <ClInclude Include="application\BehaviorTest.h">
      <Filter>헤더 파일\application</Filter>
    </ClInclude>
    <ClInclude Include="application\DiscoveredDataTest.h">
      <Filter>헤더 파일\application</Filter>
    </ClInclude>
    <ClInclude Include="application\ListenerTest.h">
      <Filter>헤더 파일\application</Filter>
    </ClInclude>
    <ClInclude Include="application\ListTest.h">
      <Filter>헤더 파일\application</Filter>
    </ClInclude>
    <ClInclude Include="application\MessageTest.h">
      <Filter>헤더 파일\application</Filter>
    </ClInclude>
    <ClInclude Include="application\SocketTest.h">
      <Filter>헤더 파일\application</Filter>
    </ClInclude>
    <ClInclude Include="application\TimerTest.h">
      <Filter>헤더 파일\application</Filter>
    </ClInclude>
    <ClInclude Include="include\BuiltinTopic\PublicationBuiltinTopicData.h">
      <Filter>헤더 파일\include\BuiltinTopic</Filter>
    </ClInclude>
    <ClInclude Include="include\BuiltinTopic\SubscriptionBuiltinTopicData.h">
      <Filter>헤더 파일\include\BuiltinTopic</Filter>
    </ClInclude>
    <ClInclude Include="include\BuiltinTopic\TopicBuiltinTopicData.h">
      <Filter>헤더 파일\include\BuiltinTopic</Filter>
    </ClInclude>
    <ClInclude Include="include\BuiltinTopic\ParticipantBuiltinTopicData.h">
      <Filter>헤더 파일\include\BuiltinTopic</Filter>
    </ClInclude>
    <ClInclude Include="include\BuiltinTopic\Type\BuiltinTopicKey_t.h">
      <Filter>헤더 파일\include\BuiltinTopic\Type</Filter>
    </ClInclude>
    <ClInclude Include="include\DCPS\BuiltinEntity\BuiltinParticipantsWriterListener.h">
      <Filter>헤더 파일\include\DCPS\BuiltinEntity</Filter>
    </ClInclude>
    <ClInclude Include="include\DCPS\BuiltinEntity\BuiltinPublicationsReader.h">
      <Filter>헤더 파일\include\DCPS\BuiltinEntity</Filter>
    </ClInclude>
    <ClInclude Include="include\DCPS\BuiltinEntity\BuiltinPublicationsReaderListener.h">
      <Filter>헤더 파일\include\DCPS\BuiltinEntity</Filter>
    </ClInclude>
    <ClInclude Include="include\DCPS\BuiltinEntity\BuiltinPublicationsWriter.h">
      <Filter>헤더 파일\include\DCPS\BuiltinEntity</Filter>
    </ClInclude>
    <ClInclude Include="include\DCPS\BuiltinEntity\BuiltinPublicationsWriterListener.h">
      <Filter>헤더 파일\include\DCPS\BuiltinEntity</Filter>
    </ClInclude>
    <ClInclude Include="include\DCPS\BuiltinEntity\BuiltinSubscriptionsReader.h">
      <Filter>헤더 파일\include\DCPS\BuiltinEntity</Filter>
    </ClInclude>
    <ClInclude Include="include\DCPS\BuiltinEntity\BuiltinSubscriptionsReaderListener.h">
      <Filter>헤더 파일\include\DCPS\BuiltinEntity</Filter>
    </ClInclude>
    <ClInclude Include="include\DCPS\BuiltinEntity\BuiltinSubscriptionsWriter.h">
      <Filter>헤더 파일\include\DCPS\BuiltinEntity</Filter>
    </ClInclude>
    <ClInclude Include="include\DCPS\BuiltinEntity\BuiltinSubscriptionsWriterListener.h">
      <Filter>헤더 파일\include\DCPS\BuiltinEntity</Filter>
    </ClInclude>
    <ClInclude Include="include\DCPS\BuiltinEntity\BuiltinParticipantsReaderListener.h">
      <Filter>헤더 파일\include\DCPS\BuiltinEntity</Filter>
    </ClInclude>
    <ClInclude Include="include\DCPS\Domain\DomainParticipant.h">
      <Filter>헤더 파일\include\DCPS\Domain</Filter>
    </ClInclude>
    <ClInclude Include="include\DCPS\Domain\DomainParticipantFactory.h">
      <Filter>헤더 파일\include\DCPS\Domain</Filter>
    </ClInclude>
    <ClInclude Include="include\DCPS\Domain\DomainParticipantListener.h">
      <Filter>헤더 파일\include\DCPS\Domain</Filter>
    </ClInclude>
    <ClInclude Include="include\DCPS\Domain\Type\TopicLookupHandle.h">
      <Filter>헤더 파일\include\DCPS\Domain\Type</Filter>
    </ClInclude>
    <ClInclude Include="include\DCPS\Infrastructure\DomainEntity.h">
      <Filter>헤더 파일\include\DCPS\Infrastructure</Filter>
    </ClInclude>
    <ClInclude Include="include\DCPS\Infrastructure\Entity.h">
      <Filter>헤더 파일\include\DCPS\Infrastructure</Filter>
    </ClInclude>
    <ClInclude Include="include\DCPS\Infrastructure\Type\BasicDefinitions.h">
      <Filter>헤더 파일\include\DCPS\Infrastructure\Type</Filter>
    </ClInclude>
    <ClInclude Include="include\DCPS\Infrastructure\Type\DomainId_t.h">
      <Filter>헤더 파일\include\DCPS\Infrastructure\Type</Filter>
    </ClInclude>
    <ClInclude Include="include\DCPS\Infrastructure\Type\Duration_t.h">
      <Filter>헤더 파일\include\DCPS\Infrastructure\Type</Filter>
    </ClInclude>
    <ClInclude Include="include\DCPS\Infrastructure\Type\InstanceHandle_t.h">
      <Filter>헤더 파일\include\DCPS\Infrastructure\Type</Filter>
    </ClInclude>
    <ClInclude Include="include\DCPS\Infrastructure\Type\ReturnCode_t.h">
      <Filter>헤더 파일\include\DCPS\Infrastructure\Type</Filter>
    </ClInclude>
    <ClInclude Include="include\DCPS\Infrastructure\Type\Time_t.h">
      <Filter>헤더 파일\include\DCPS\Infrastructure\Type</Filter>
    </ClInclude>
    <ClInclude Include="include\DCPS\Publication\DataWriterListener.h">
      <Filter>헤더 파일\include\DCPS\Publication</Filter>
    </ClInclude>
    <ClInclude Include="include\DCPS\Publication\Publisher.h">
      <Filter>헤더 파일\include\DCPS\Publication</Filter>
    </ClInclude>
    <ClInclude Include="include\DCPS\Publication\PublisherListener.h">
      <Filter>헤더 파일\include\DCPS\Publication</Filter>
    </ClInclude>
    <ClInclude Include="include\DCPS\Publication\DataWriter.h">
      <Filter>헤더 파일\include\DCPS\Publication</Filter>
    </ClInclude>
    <ClInclude Include="include\DCPS\Subscription\DataReaderListener.h">
      <Filter>헤더 파일\include\DCPS\Subscription</Filter>
    </ClInclude>
    <ClInclude Include="include\DCPS\Subscription\DataSample.h">
      <Filter>헤더 파일\include\DCPS\Subscription</Filter>
    </ClInclude>
    <ClInclude Include="include\DCPS\Subscription\SampleInfo.h">
      <Filter>헤더 파일\include\DCPS\Subscription</Filter>
    </ClInclude>
    <ClInclude Include="include\DCPS\Subscription\Subscriber.h">
      <Filter>헤더 파일\include\DCPS\Subscription</Filter>
    </ClInclude>
    <ClInclude Include="include\DCPS\Subscription\SubscriberListener.h">
      <Filter>헤더 파일\include\DCPS\Subscription</Filter>
    </ClInclude>
    <ClInclude Include="include\DCPS\Subscription\DataReader.h">
      <Filter>헤더 파일\include\DCPS\Subscription</Filter>
    </ClInclude>
    <ClInclude Include="include\DCPS\Topic\ContentFilteredTopic.h">
      <Filter>헤더 파일\include\DCPS\Topic</Filter>
    </ClInclude>
    <ClInclude Include="include\DCPS\Topic\DDS_Data.h">
      <Filter>헤더 파일\include\DCPS\Topic</Filter>
    </ClInclude>
    <ClInclude Include="include\DCPS\Topic\MultiTopic.h">
      <Filter>헤더 파일\include\DCPS\Topic</Filter>
    </ClInclude>
    <ClInclude Include="include\DCPS\Topic\Topic.h">
      <Filter>헤더 파일\include\DCPS\Topic</Filter>
    </ClInclude>
    <ClInclude Include="include\DCPS\Topic\TopicDescription.h">
      <Filter>헤더 파일\include\DCPS\Topic</Filter>
    </ClInclude>
    <ClInclude Include="include\DCPS\Topic\TopicListener.h">
      <Filter>헤더 파일\include\DCPS\Topic</Filter>
    </ClInclude>
    <ClInclude Include="include\DCPS\Topic\TypeSupport.h">
      <Filter>헤더 파일\include\DCPS\Topic</Filter>
    </ClInclude>
    <ClInclude Include="include\QoS\QosPolicies.h">
      <Filter>헤더 파일\include\QoS</Filter>
    </ClInclude>
    <ClInclude Include="include\QoS\EntityQos\DomainParticipantFactoryQos.h">
      <Filter>헤더 파일\include\QoS\EntityQos</Filter>
    </ClInclude>
    <ClInclude Include="include\QoS\EntityQos\DomainParticipantQos.h">
      <Filter>헤더 파일\include\QoS\EntityQos</Filter>
    </ClInclude>
    <ClInclude Include="include\QoS\EntityQos\EntityQos.h">
      <Filter>헤더 파일\include\QoS\EntityQos</Filter>
    </ClInclude>
    <ClInclude Include="include\QoS\EntityQos\PublisherQos.h">
      <Filter>헤더 파일\include\QoS\EntityQos</Filter>
    </ClInclude>
    <ClInclude Include="include\QoS\EntityQos\SubscriberQos.h">
      <Filter>헤더 파일\include\QoS\EntityQos</Filter>
    </ClInclude>
    <ClInclude Include="include\QoS\EntityQos\TopicQos.h">
      <Filter>헤더 파일\include\QoS\EntityQos</Filter>
    </ClInclude>
    <ClInclude Include="include\QoS\EntityQos\DataReaderQos.h">
      <Filter>헤더 파일\include\QoS\EntityQos</Filter>
    </ClInclude>
    <ClInclude Include="include\QoS\EntityQos\DataWriterQos.h">
      <Filter>헤더 파일\include\QoS\EntityQos</Filter>
    </ClInclude>
    <ClInclude Include="include\QoS\QosPolicy\DurabilityServiceQosPolicy.h">
      <Filter>헤더 파일\include\QoS\QosPolicy</Filter>
    </ClInclude>
    <ClInclude Include="include\QoS\QosPolicy\EntityFactoryQosPolicy.h">
      <Filter>헤더 파일\include\QoS\QosPolicy</Filter>
    </ClInclude>
    <ClInclude Include="include\QoS\QosPolicy\GroupDataQosPolicy.h">
      <Filter>헤더 파일\include\QoS\QosPolicy</Filter>
    </ClInclude>
    <ClInclude Include="include\QoS\QosPolicy\HistoryQosPolicy.h">
      <Filter>헤더 파일\include\QoS\QosPolicy</Filter>
    </ClInclude>
    <ClInclude Include="include\QoS\QosPolicy\LatencyBudgetQosPolicy.h">
      <Filter>헤더 파일\include\QoS\QosPolicy</Filter>
    </ClInclude>
    <ClInclude Include="include\QoS\QosPolicy\LifespanQosPolicy.h">
      <Filter>헤더 파일\include\QoS\QosPolicy</Filter>
    </ClInclude>
    <ClInclude Include="include\QoS\QosPolicy\LivelinessQosPolicy.h">
      <Filter>헤더 파일\include\QoS\QosPolicy</Filter>
    </ClInclude>
    <ClInclude Include="include\QoS\QosPolicy\OwnershipQosPolicy.h">
      <Filter>헤더 파일\include\QoS\QosPolicy</Filter>
    </ClInclude>
    <ClInclude Include="include\QoS\QosPolicy\OwnershipStrengthQosPolicy.h">
      <Filter>헤더 파일\include\QoS\QosPolicy</Filter>
    </ClInclude>
    <ClInclude Include="include\QoS\QosPolicy\PartitionQosPolicy.h">
      <Filter>헤더 파일\include\QoS\QosPolicy</Filter>
    </ClInclude>
    <ClInclude Include="include\QoS\QosPolicy\PresentationQosPolicy.h">
      <Filter>헤더 파일\include\QoS\QosPolicy</Filter>
    </ClInclude>
    <ClInclude Include="include\QoS\QosPolicy\QosPolicy.h">
      <Filter>헤더 파일\include\QoS\QosPolicy</Filter>
    </ClInclude>
    <ClInclude Include="include\QoS\QosPolicy\ReaderDataLifecycleQosPolicy.h">
      <Filter>헤더 파일\include\QoS\QosPolicy</Filter>
    </ClInclude>
    <ClInclude Include="include\QoS\QosPolicy\ReliabilityQosPolicy.h">
      <Filter>헤더 파일\include\QoS\QosPolicy</Filter>
    </ClInclude>
    <ClInclude Include="include\QoS\QosPolicy\ResourceLimitsQosPolicy.h">
      <Filter>헤더 파일\include\QoS\QosPolicy</Filter>
    </ClInclude>
    <ClInclude Include="include\QoS\QosPolicy\TimeBasedFilterQosPolicy.h">
      <Filter>헤더 파일\include\QoS\QosPolicy</Filter>
    </ClInclude>
    <ClInclude Include="include\QoS\QosPolicy\TopicDataQosPolicy.h">
      <Filter>헤더 파일\include\QoS\QosPolicy</Filter>
    </ClInclude>
    <ClInclude Include="include\QoS\QosPolicy\TransportPriorityQosPolicy.h">
      <Filter>헤더 파일\include\QoS\QosPolicy</Filter>
    </ClInclude>
    <ClInclude Include="include\QoS\QosPolicy\UserDataQosPolicy.h">
      <Filter>헤더 파일\include\QoS\QosPolicy</Filter>
    </ClInclude>
    <ClInclude Include="include\QoS\QosPolicy\WriterDataLifecycleQosPolicy.h">
      <Filter>헤더 파일\include\QoS\QosPolicy</Filter>
    </ClInclude>
    <ClInclude Include="include\QoS\QosPolicy\DeadlineQosPolicy.h">
      <Filter>헤더 파일\include\QoS\QosPolicy</Filter>
    </ClInclude>
    <ClInclude Include="include\QoS\QosPolicy\DestinationOrderQosPolicy.h">
      <Filter>헤더 파일\include\QoS\QosPolicy</Filter>
    </ClInclude>
    <ClInclude Include="include\QoS\QosPolicy\DurabilityQosPolicy.h">
      <Filter>헤더 파일\include\QoS\QosPolicy</Filter>
    </ClInclude>
    <ClInclude Include="include\RTPS\Behavior\ChangeForReader.h">
      <Filter>헤더 파일\include\RTPS\Behavior</Filter>
    </ClInclude>
    <ClInclude Include="include\RTPS\Behavior\ChangeFromWriter.h">
      <Filter>헤더 파일\include\RTPS\Behavior</Filter>
    </ClInclude>
    <ClInclude Include="include\RTPS\Behavior\ListenerProcessor.h">
      <Filter>헤더 파일\include\RTPS\Behavior</Filter>
    </ClInclude>
    <ClInclude Include="include\RTPS\Behavior\ReaderLocator.h">
      <Filter>헤더 파일\include\RTPS\Behavior</Filter>
    </ClInclude>
    <ClInclude Include="include\RTPS\Behavior\ReaderProxy.h">
      <Filter>헤더 파일\include\RTPS\Behavior</Filter>
    </ClInclude>
    <ClInclude Include="include\RTPS\Behavior\StatefulReader.h">
      <Filter>헤더 파일\include\RTPS\Behavior</Filter>
    </ClInclude>
    <ClInclude Include="include\RTPS\Behavior\StatefulWriter.h">
      <Filter>헤더 파일\include\RTPS\Behavior</Filter>
    </ClInclude>
    <ClInclude Include="include\RTPS\Behavior\StatelessReader.h">
      <Filter>헤더 파일\include\RTPS\Behavior</Filter>
    </ClInclude>
    <ClInclude Include="include\RTPS\Behavior\StatelessWriter.h">
      <Filter>헤더 파일\include\RTPS\Behavior</Filter>
    </ClInclude>
    <ClInclude Include="include\RTPS\Behavior\WriterProxy.h">
      <Filter>헤더 파일\include\RTPS\Behavior</Filter>
    </ClInclude>
    <ClInclude Include="include\RTPS\Behavior\DataStructure\ChangeForReaderList.h">
      <Filter>헤더 파일\include\RTPS\Behavior\DataStructure</Filter>
    </ClInclude>
    <ClInclude Include="include\RTPS\Behavior\DataStructure\ChangeFromWriterList.h">
      <Filter>헤더 파일\include\RTPS\Behavior\DataStructure</Filter>
    </ClInclude>
    <ClInclude Include="include\RTPS\Behavior\Type\ChangeFromWriterStatusKind.h">
      <Filter>헤더 파일\include\RTPS\Behavior\Type</Filter>
    </ClInclude>
    <ClInclude Include="include\RTPS\Behavior\Type\ReaderState.h">
      <Filter>헤더 파일\include\RTPS\Behavior\Type</Filter>
    </ClInclude>
    <ClInclude Include="include\RTPS\Behavior\Type\WriterState.h">
      <Filter>헤더 파일\include\RTPS\Behavior\Type</Filter>
    </ClInclude>
    <ClInclude Include="include\RTPS\Behavior\Type\ChangeForReaderStatusKind.h">
      <Filter>헤더 파일\include\RTPS\Behavior\Type</Filter>
    </ClInclude>
    <ClInclude Include="include\RTPS\Discovery\ParticipantProxy.h">
      <Filter>헤더 파일\include\RTPS\Discovery</Filter>
    </ClInclude>
    <ClInclude Include="include\RTPS\Discovery\SEDPdiscoveredPublicationData.h">
      <Filter>헤더 파일\include\RTPS\Discovery</Filter>
    </ClInclude>
    <ClInclude Include="include\RTPS\Discovery\SEDPdiscoveredSubscriptionData.h">
      <Filter>헤더 파일\include\RTPS\Discovery</Filter>
    </ClInclude>
    <ClInclude Include="include\RTPS\Discovery\SEDPdiscoveredTopicData.h">
      <Filter>헤더 파일\include\RTPS\Discovery</Filter>
    </ClInclude>
    <ClInclude Include="include\RTPS\Discovery\SPDPdiscoveredParticipantData.h">
      <Filter>헤더 파일\include\RTPS\Discovery</Filter>
    </ClInclude>
    <ClInclude Include="include\RTPS\Discovery\Type\ContentFilterProperty_t.h">
      <Filter>헤더 파일\include\RTPS\Discovery\Type</Filter>
    </ClInclude>
    <ClInclude Include="include\RTPS\Discovery\Type\FilterResult_t.h">
      <Filter>헤더 파일\include\RTPS\Discovery\Type</Filter>
    </ClInclude>
    <ClInclude Include="include\RTPS\Discovery\Type\FilterSignature_t.h">
      <Filter>헤더 파일\include\RTPS\Discovery\Type</Filter>
    </ClInclude>
    <ClInclude Include="include\RTPS\Discovery\Type\BuiltinEndpointSet_t.h">
      <Filter>헤더 파일\include\RTPS\Discovery\Type</Filter>
    </ClInclude>
    <ClInclude Include="include\RTPS\Discovery\Type\ContentFilterInfo_t.h">
      <Filter>헤더 파일\include\RTPS\Discovery\Type</Filter>
    </ClInclude>
    <ClInclude Include="include\RTPS\Discovery\DiscoveredEntityData\DiscoveredReaderData.h">
      <Filter>헤더 파일\include\RTPS\Discovery\DiscoveredEntityData</Filter>
    </ClInclude>
    <ClInclude Include="include\RTPS\Discovery\DiscoveredEntityData\DiscoveredTopicData.h">
      <Filter>헤더 파일\include\RTPS\Discovery\DiscoveredEntityData</Filter>
    </ClInclude>
    <ClInclude Include="include\RTPS\Discovery\DiscoveredEntityData\DiscoveredWriterData.h">
      <Filter>헤더 파일\include\RTPS\Discovery\DiscoveredEntityData</Filter>
    </ClInclude>
    <ClInclude Include="include\RTPS\Discovery\DiscoveredEntityData\DiscoveredParticipantData.h">
      <Filter>헤더 파일\include\RTPS\Discovery\DiscoveredEntityData</Filter>
    </ClInclude>
    <ClInclude Include="include\RTPS\Messages\Header.h">
      <Filter>헤더 파일\include\RTPS\Messages</Filter>
    </ClInclude>
    <ClInclude Include="include\RTPS\Messages\Message.h">
      <Filter>헤더 파일\include\RTPS\Messages</Filter>
    </ClInclude>
    <ClInclude Include="include\RTPS\Messages\Receiver.h">
      <Filter>헤더 파일\include\RTPS\Messages</Filter>
    </ClInclude>
    <ClInclude Include="include\RTPS\Messages\Submessage.h">
      <Filter>헤더 파일\include\RTPS\Messages</Filter>
    </ClInclude>
    <ClInclude Include="include\RTPS\Messages\SubmessageHeader.h">
      <Filter>헤더 파일\include\RTPS\Messages</Filter>
    </ClInclude>
    <ClInclude Include="include\RTPS\Messages\Type\ByteOrderingType.h">
      <Filter>헤더 파일\include\RTPS\Messages\Type</Filter>
    </ClInclude>
    <ClInclude Include="include\RTPS\Messages\Type\ByteStream.h">
      <Filter>헤더 파일\include\RTPS\Messages\Type</Filter>
    </ClInclude>
    <ClInclude Include="include\RTPS\Messages\Type\Count_t.h">
      <Filter>헤더 파일\include\RTPS\Messages\Type</Filter>
    </ClInclude>
    <ClInclude Include="include\RTPS\Messages\Type\FragmentNumber_t.h">
      <Filter>헤더 파일\include\RTPS\Messages\Type</Filter>
    </ClInclude>
    <ClInclude Include="include\RTPS\Messages\Type\ParameterId_t.h">
      <Filter>헤더 파일\include\RTPS\Messages\Type</Filter>
    </ClInclude>
    <ClInclude Include="include\RTPS\Messages\Type\ProtocolId_t.h">
      <Filter>헤더 파일\include\RTPS\Messages\Type</Filter>
    </ClInclude>
    <ClInclude Include="include\RTPS\Messages\Type\SubmessageFlag.h">
      <Filter>헤더 파일\include\RTPS\Messages\Type</Filter>
    </ClInclude>
    <ClInclude Include="include\RTPS\Messages\Type\SubmessageKind.h">
      <Filter>헤더 파일\include\RTPS\Messages\Type</Filter>
    </ClInclude>
    <ClInclude Include="include\RTPS\Messages\Type\Time_t.h">
      <Filter>헤더 파일\include\RTPS\Messages\Type</Filter>
    </ClInclude>
    <ClInclude Include="include\RTPS\Messages\Submessages\AckNack.h">
      <Filter>헤더 파일\include\RTPS\Messages\Submessages</Filter>
    </ClInclude>
    <ClInclude Include="include\RTPS\Messages\Submessages\Data.h">
      <Filter>헤더 파일\include\RTPS\Messages\Submessages</Filter>
    </ClInclude>
    <ClInclude Include="include\RTPS\Messages\Submessages\DataFrag.h">
      <Filter>헤더 파일\include\RTPS\Messages\Submessages</Filter>
    </ClInclude>
    <ClInclude Include="include\RTPS\Messages\Submessages\Gap.h">
      <Filter>헤더 파일\include\RTPS\Messages\Submessages</Filter>
    </ClInclude>
    <ClInclude Include="include\RTPS\Messages\Submessages\Heartbeat.h">
      <Filter>헤더 파일\include\RTPS\Messages\Submessages</Filter>
    </ClInclude>
    <ClInclude Include="include\RTPS\Messages\Submessages\HeartbeatFrag.h">
      <Filter>헤더 파일\include\RTPS\Messages\Submessages</Filter>
    </ClInclude>
    <ClInclude Include="include\RTPS\Messages\Submessages\InfoDestination.h">
      <Filter>헤더 파일\include\RTPS\Messages\Submessages</Filter>
    </ClInclude>
    <ClInclude Include="include\RTPS\Messages\Submessages\InfoReply.h">
      <Filter>헤더 파일\include\RTPS\Messages\Submessages</Filter>
    </ClInclude>
    <ClInclude Include="include\RTPS\Messages\Submessages\InfoSource.h">
      <Filter>헤더 파일\include\RTPS\Messages\Submessages</Filter>
    </ClInclude>
    <ClInclude Include="include\RTPS\Messages\Submessages\InfoTimestamp.h">
      <Filter>헤더 파일\include\RTPS\Messages\Submessages</Filter>
    </ClInclude>
    <ClInclude Include="include\RTPS\Messages\Submessages\NackFrag.h">
      <Filter>헤더 파일\include\RTPS\Messages\Submessages</Filter>
    </ClInclude>
    <ClInclude Include="include\RTPS\Messages\Submessages\Pad.h">
      <Filter>헤더 파일\include\RTPS\Messages\Submessages</Filter>
    </ClInclude>
    <ClInclude Include="include\RTPS\Messages\Submessages\Submessages.h">
      <Filter>헤더 파일\include\RTPS\Messages\Submessages</Filter>
    </ClInclude>
    <ClInclude Include="include\RTPS\Messages\SubmessageElements\FragmentNumberSet.h">
      <Filter>헤더 파일\include\RTPS\Messages\SubmessageElements</Filter>
    </ClInclude>
    <ClInclude Include="include\RTPS\Messages\SubmessageElements\GuidPrefix.h">
      <Filter>헤더 파일\include\RTPS\Messages\SubmessageElements</Filter>
    </ClInclude>
    <ClInclude Include="include\RTPS\Messages\SubmessageElements\InclusionsOfSubmessageElement.h">
      <Filter>헤더 파일\include\RTPS\Messages\SubmessageElements</Filter>
    </ClInclude>
    <ClInclude Include="include\RTPS\Messages\SubmessageElements\LocatorList.h">
      <Filter>헤더 파일\include\RTPS\Messages\SubmessageElements</Filter>
    </ClInclude>
    <ClInclude Include="include\RTPS\Messages\SubmessageElements\Parameter.h">
      <Filter>헤더 파일\include\RTPS\Messages\SubmessageElements</Filter>
    </ClInclude>
    <ClInclude Include="include\RTPS\Messages\SubmessageElements\ParameterList.h">
      <Filter>헤더 파일\include\RTPS\Messages\SubmessageElements</Filter>
    </ClInclude>
    <ClInclude Include="include\RTPS\Messages\SubmessageElements\ProtocolVersion.h">
      <Filter>헤더 파일\include\RTPS\Messages\SubmessageElements</Filter>
    </ClInclude>
    <ClInclude Include="include\RTPS\Messages\SubmessageElements\SequenceNumber.h">
      <Filter>헤더 파일\include\RTPS\Messages\SubmessageElements</Filter>
    </ClInclude>
    <ClInclude Include="include\RTPS\Messages\SubmessageElements\SequenceNumberSet.h">
      <Filter>헤더 파일\include\RTPS\Messages\SubmessageElements</Filter>
    </ClInclude>
    <ClInclude Include="include\RTPS\Messages\SubmessageElements\SerializedData.h">
      <Filter>헤더 파일\include\RTPS\Messages\SubmessageElements</Filter>
    </ClInclude>
    <ClInclude Include="include\RTPS\Messages\SubmessageElements\SerializedDataFragment.h">
      <Filter>헤더 파일\include\RTPS\Messages\SubmessageElements</Filter>
    </ClInclude>
    <ClInclude Include="include\RTPS\Messages\SubmessageElements\SubmessageElement.h">
      <Filter>헤더 파일\include\RTPS\Messages\SubmessageElements</Filter>
    </ClInclude>
    <ClInclude Include="include\RTPS\Messages\SubmessageElements\Timestamp.h">
      <Filter>헤더 파일\include\RTPS\Messages\SubmessageElements</Filter>
    </ClInclude>
    <ClInclude Include="include\RTPS\Messages\SubmessageElements\VendorId.h">
      <Filter>헤더 파일\include\RTPS\Messages\SubmessageElements</Filter>
    </ClInclude>
    <ClInclude Include="include\RTPS\Messages\SubmessageElements\Count.h">
      <Filter>헤더 파일\include\RTPS\Messages\SubmessageElements</Filter>
    </ClInclude>
    <ClInclude Include="include\RTPS\Messages\SubmessageElements\EntityId.h">
      <Filter>헤더 파일\include\RTPS\Messages\SubmessageElements</Filter>
    </ClInclude>
    <ClInclude Include="include\RTPS\Messages\SubmessageElements\FragmentNumber.h">
      <Filter>헤더 파일\include\RTPS\Messages\SubmessageElements</Filter>
    </ClInclude>
    <ClInclude Include="include\RTPS\Structure\CacheChange.h">
      <Filter>헤더 파일\include\RTPS\Structure</Filter>
    </ClInclude>
    <ClInclude Include="include\RTPS\Structure\Endpoint.h">
      <Filter>헤더 파일\include\RTPS\Structure</Filter>
    </ClInclude>
    <ClInclude Include="include\RTPS\Structure\HistoryCache.h">
      <Filter>헤더 파일\include\RTPS\Structure</Filter>
    </ClInclude>
    <ClInclude Include="include\RTPS\Structure\Participant.h">
      <Filter>헤더 파일\include\RTPS\Structure</Filter>
    </ClInclude>
    <ClInclude Include="include\RTPS\Structure\Reader.h">
      <Filter>헤더 파일\include\RTPS\Structure</Filter>
    </ClInclude>
    <ClInclude Include="include\RTPS\Structure\RTPSEntity.h">
      <Filter>헤더 파일\include\RTPS\Structure</Filter>
    </ClInclude>
    <ClInclude Include="include\RTPS\Structure\Writer.h">
      <Filter>헤더 파일\include\RTPS\Structure</Filter>
    </ClInclude>
    <ClInclude Include="include\RTPS\Structure\Type\ChangeKind_t.h">
      <Filter>헤더 파일\include\RTPS\Structure\Type</Filter>
    </ClInclude>
    <ClInclude Include="include\RTPS\Structure\Type\DDS_Data.h">
      <Filter>헤더 파일\include\RTPS\Structure\Type</Filter>
    </ClInclude>
    <ClInclude Include="include\RTPS\Structure\Type\Duration_t.h">
      <Filter>헤더 파일\include\RTPS\Structure\Type</Filter>
    </ClInclude>
    <ClInclude Include="include\RTPS\Structure\Type\EntityEvent.h">
      <Filter>헤더 파일\include\RTPS\Structure\Type</Filter>
    </ClInclude>
    <ClInclude Include="include\RTPS\Structure\Type\EntityId_t.h">
      <Filter>헤더 파일\include\RTPS\Structure\Type</Filter>
    </ClInclude>
    <ClInclude Include="include\RTPS\Structure\Type\GUID_t.h">
      <Filter>헤더 파일\include\RTPS\Structure\Type</Filter>
    </ClInclude>
    <ClInclude Include="include\RTPS\Structure\Type\GuidPrefix_t.h">
      <Filter>헤더 파일\include\RTPS\Structure\Type</Filter>
    </ClInclude>
    <ClInclude Include="include\RTPS\Structure\Type\InstanceHandle_t.h">
      <Filter>헤더 파일\include\RTPS\Structure\Type</Filter>
    </ClInclude>
    <ClInclude Include="include\RTPS\Structure\Type\Locator_t.h">
      <Filter>헤더 파일\include\RTPS\Structure\Type</Filter>
    </ClInclude>
    <ClInclude Include="include\RTPS\Structure\Type\ProtocolVersion_t.h">
      <Filter>헤더 파일\include\RTPS\Structure\Type</Filter>
    </ClInclude>
    <ClInclude Include="include\RTPS\Structure\Type\ReliabilityKind_t.h">
      <Filter>헤더 파일\include\RTPS\Structure\Type</Filter>
    </ClInclude>
    <ClInclude Include="include\RTPS\Structure\Type\SequenceNumber_t.h">
      <Filter>헤더 파일\include\RTPS\Structure\Type</Filter>
    </ClInclude>
    <ClInclude Include="include\RTPS\Structure\Type\TopicKind_t.h">
      <Filter>헤더 파일\include\RTPS\Structure\Type</Filter>
    </ClInclude>
    <ClInclude Include="include\RTPS\Structure\Type\VendorId_t.h">
      <Filter>헤더 파일\include\RTPS\Structure\Type</Filter>
    </ClInclude>
    <ClInclude Include="include\Status\Listener.h">
      <Filter>헤더 파일\include\Status</Filter>
    </ClInclude>
    <ClInclude Include="include\Status\WaitSet.h">
      <Filter>헤더 파일\include\Status</Filter>
    </ClInclude>
    <ClInclude Include="include\Status\Condition\InclusionsOfConditions.h">
      <Filter>헤더 파일\include\Status\Condition</Filter>
    </ClInclude>
    <ClInclude Include="include\Status\Condition\QueryCondition.h">
      <Filter>헤더 파일\include\Status\Condition</Filter>
    </ClInclude>
    <ClInclude Include="include\Status\Condition\ReadCondition.h">
      <Filter>헤더 파일\include\Status\Condition</Filter>
    </ClInclude>
    <ClInclude Include="include\Status\Condition\StatusCondition.h">
      <Filter>헤더 파일\include\Status\Condition</Filter>
    </ClInclude>
    <ClInclude Include="include\Status\Condition\Condition.h">
      <Filter>헤더 파일\include\Status\Condition</Filter>
    </ClInclude>
    <ClInclude Include="include\Status\Condition\GuardCondition.h">
      <Filter>헤더 파일\include\Status\Condition</Filter>
    </ClInclude>
    <ClInclude Include="include\Status\EntityStatus\DataReaderStatus.h">
      <Filter>헤더 파일\include\Status\EntityStatus</Filter>
    </ClInclude>
    <ClInclude Include="include\Status\EntityStatus\DataWriterStatus.h">
      <Filter>헤더 파일\include\Status\EntityStatus</Filter>
    </ClInclude>
    <ClInclude Include="include\Status\EntityStatus\DomainParticipantStatus.h">
      <Filter>헤더 파일\include\Status\EntityStatus</Filter>
    </ClInclude>
    <ClInclude Include="include\Status\EntityStatus\EntityStatus.h">
      <Filter>헤더 파일\include\Status\EntityStatus</Filter>
    </ClInclude>
    <ClInclude Include="include\Status\EntityStatus\PublisherStatus.h">
      <Filter>헤더 파일\include\Status\EntityStatus</Filter>
    </ClInclude>
    <ClInclude Include="include\Status\EntityStatus\SubscriberStatus.h">
      <Filter>헤더 파일\include\Status\EntityStatus</Filter>
    </ClInclude>
    <ClInclude Include="include\Status\EntityStatus\TopicStatus.h">
      <Filter>헤더 파일\include\Status\EntityStatus</Filter>
    </ClInclude>
    <ClInclude Include="include\Status\Status\InclusionsOfStatuses.h">
      <Filter>헤더 파일\include\Status\Status</Filter>
    </ClInclude>
    <ClInclude Include="include\Status\Status\InconsistentTopicStatus.h">
      <Filter>헤더 파일\include\Status\Status</Filter>
    </ClInclude>
    <ClInclude Include="include\Status\Status\LivelinessChangedStatus.h">
      <Filter>헤더 파일\include\Status\Status</Filter>
    </ClInclude>
    <ClInclude Include="include\Status\Status\LivelinessLostStatus.h">
      <Filter>헤더 파일\include\Status\Status</Filter>
    </ClInclude>
    <ClInclude Include="include\Status\Status\OfferedDeadlineMissedStatus.h">
      <Filter>헤더 파일\include\Status\Status</Filter>
    </ClInclude>
    <ClInclude Include="include\Status\Status\OfferedIncompatibleQosStatus.h">
      <Filter>헤더 파일\include\Status\Status</Filter>
    </ClInclude>
    <ClInclude Include="include\Status\Status\PublicationMatchedStatus.h">
      <Filter>헤더 파일\include\Status\Status</Filter>
    </ClInclude>
    <ClInclude Include="include\Status\Status\QosPolicyCount.h">
      <Filter>헤더 파일\include\Status\Status</Filter>
    </ClInclude>
    <ClInclude Include="include\Status\Status\RequestedDeadlineMissedStatus.h">
      <Filter>헤더 파일\include\Status\Status</Filter>
    </ClInclude>
    <ClInclude Include="include\Status\Status\RequestedIncompatibleQosStatus.h">
      <Filter>헤더 파일\include\Status\Status</Filter>
    </ClInclude>
    <ClInclude Include="include\Status\Status\SampleLostStatus.h">
      <Filter>헤더 파일\include\Status\Status</Filter>
    </ClInclude>
    <ClInclude Include="include\Status\Status\SampleRejectedStatus.h">
      <Filter>헤더 파일\include\Status\Status</Filter>
    </ClInclude>
    <ClInclude Include="include\Status\Status\Status.h">
      <Filter>헤더 파일\include\Status\Status</Filter>
    </ClInclude>
    <ClInclude Include="include\Status\Status\SubscriptionMatchedStatus.h">
      <Filter>헤더 파일\include\Status\Status</Filter>
    </ClInclude>
    <ClInclude Include="include\Status\Type\InstanceStateKind.h">
      <Filter>헤더 파일\include\Status\Type</Filter>
    </ClInclude>
    <ClInclude Include="include\Status\Type\QosPolicyId_t.h">
      <Filter>헤더 파일\include\Status\Type</Filter>
    </ClInclude>
    <ClInclude Include="include\Status\Type\SampleStateKind.h">
      <Filter>헤더 파일\include\Status\Type</Filter>
    </ClInclude>
    <ClInclude Include="include\Status\Type\StatusKind.h">
      <Filter>헤더 파일\include\Status\Type</Filter>
    </ClInclude>
    <ClInclude Include="include\Status\Type\ViewStateKind.h">
      <Filter>헤더 파일\include\Status\Type</Filter>
    </ClInclude>
    <ClInclude Include="include\Utility\PlatformOrientedInterface.h">
      <Filter>헤더 파일\include\Utility</Filter>
    </ClInclude>
    <ClInclude Include="include\Utility\SystemDefinition.h">
      <Filter>헤더 파일\include\Utility</Filter>
    </ClInclude>
    <ClInclude Include="include\Utility\SystemInformation.h">
      <Filter>헤더 파일\include\Utility</Filter>
    </ClInclude>
    <ClInclude Include="include\Utility\EventProcessor\Event.h">
      <Filter>헤더 파일\include\Utility\EventProcessor</Filter>
    </ClInclude>
    <ClInclude Include="include\Utility\EventProcessor\EventProcessor.h">
      <Filter>헤더 파일\include\Utility\EventProcessor</Filter>
    </ClInclude>
    <ClInclude Include="include\Utility\Network\NetworkManager.h">
      <Filter>헤더 파일\include\Utility\Network</Filter>
    </ClInclude>
    <ClInclude Include="include\Utility\Network\SimpleLinkedList.h">
      <Filter>헤더 파일\include\Utility\Network</Filter>
    </ClInclude>
    <ClInclude Include="include\Utility\Network\Transceiver.h">
      <Filter>헤더 파일\include\Utility\Network</Filter>
    </ClInclude>
    <ClInclude Include="include\Utility\Network\TransceiverInfo.h">
      <Filter>헤더 파일\include\Utility\Network</Filter>
    </ClInclude>
    <ClInclude Include="include\Utility\Network\TransceiverManager.h">
      <Filter>헤더 파일\include\Utility\Network</Filter>
    </ClInclude>
    <ClInclude Include="include\Utility\Network\UDPsocket.h">
      <Filter>헤더 파일\include\Utility\Network</Filter>
    </ClInclude>
    <ClInclude Include="include\Utility\Timer\DynamicTimer.h">
      <Filter>헤더 파일\include\Utility\Timer</Filter>
    </ClInclude>
    <ClInclude Include="include\Utility\Timer\ListHeader.h">
      <Filter>헤더 파일\include\Utility\Timer</Filter>
    </ClInclude>
    <ClInclude Include="include\Utility\Timer\TimerEffector.h">
      <Filter>헤더 파일\include\Utility\Timer</Filter>
    </ClInclude>
    <ClInclude Include="include\Utility\Timer\TimeUnit.h">
      <Filter>헤더 파일\include\Utility\Timer</Filter>
    </ClInclude>
    <ClInclude Include="include\Utility\SharedPtrNode.h">
      <Filter>헤더 파일\include\Utility\DataStructure</Filter>
    </ClInclude>
    <ClInclude Include="include\Utility\DoublyLinkedList.h">
      <Filter>헤더 파일\include\Utility\DataStructure</Filter>
    </ClInclude>
    <ClInclude Include="include\Utility\Node.h">
      <Filter>헤더 파일\include\Utility\DataStructure</Filter>
    </ClInclude>
    <ClInclude Include="include\Utility\SharedPtrList.h">
      <Filter>헤더 파일\include\Utility\DataStructure</Filter>
    </ClInclude>
    <ClInclude Include="application\SharedPointerTest.h">
      <Filter>헤더 파일\application</Filter>
    </ClInclude>
    <ClInclude Include="application\DCPS\ShapeTest.h">
      <Filter>헤더 파일\application\DCPS</Filter>
    </ClInclude>
    <ClInclude Include="include\Utility\Monitoring\Monitor.h">
      <Filter>헤더 파일\include\Utility\Monitoring</Filter>
    </ClInclude>
    <ClInclude Include="SocketManager.h">
      <Filter>헤더 파일\application\TNS</Filter>
    </ClInclude>
    <ClInclude Include="MessageHandler.h">
      <Filter>헤더 파일\application\TNS</Filter>
    </ClInclude>
    <ClInclude Include="TNSNController.h">
      <Filter>헤더 파일\application\TNS</Filter>
    </ClInclude>
    <ClInclude Include="TNSNheader.h">
      <Filter>헤더 파일\application\TNS</Filter>
    </ClInclude>
    <ClInclude Include="TNSNServer.h">
      <Filter>헤더 파일\application\TNS</Filter>
    </ClInclude>
    <ClInclude Include="TNSTable.h">
      <Filter>헤더 파일\application\TNS</Filter>
    </ClInclude>
  </ItemGroup>
</Project>